<?xml version="1.0" encoding="utf-8"?>
<Project ToolsVersion="4.0" xmlns="http://schemas.microsoft.com/developer/msbuild/2003">
  <ItemGroup>
    <Filter Include="Engine">
      <UniqueIdentifier>{93995380-89BD-4b04-88EB-625FBE52EBFB}</UniqueIdentifier>
      <Extensions>h;hh;hpp;hxx;h++;hm;inl;inc;ipp;xsd</Extensions>
    </Filter>
    <Filter Include="Graphic">
      <UniqueIdentifier>{4FC737F1-C7A5-4376-A066-2A32D752A2FF}</UniqueIdentifier>
      <Extensions>cpp;c;cc;cxx;c++;cppm;ixx;def;odl;idl;hpj;bat;asm;asmx</Extensions>
    </Filter>
    <Filter Include="Library">
      <UniqueIdentifier>{67DA6AB6-F800-4c08-8B7A-83BB121AAD01}</UniqueIdentifier>
      <Extensions>rc;ico;cur;bmp;dlg;rc2;rct;bin;rgs;gif;jpg;jpeg;jpe;resx;tiff;tif;png;wav;mfcribbon-ms</Extensions>
    </Filter>
    <Filter Include="ignore">
      <UniqueIdentifier>{1570dc3b-46bc-468c-a9dd-babd1f557d0a}</UniqueIdentifier>
    </Filter>
    <Filter Include="Graphic\Texture">
      <UniqueIdentifier>{d520b818-ba14-4d40-a008-fcaf012fc86b}</UniqueIdentifier>
    </Filter>
  </ItemGroup>
  <ItemGroup>
    <ClInclude Include="Engine.hpp">
      <Filter>Engine</Filter>
    </ClInclude>
    <ClInclude Include="framework.h">
      <Filter>Library</Filter>
    </ClInclude>
    <ClInclude Include="pch.h">
      <Filter>Library</Filter>
    </ClInclude>
    <ClInclude Include="Graphic\DX11.hpp">
      <Filter>Graphic</Filter>
    </ClInclude>
    <ClInclude Include="singleton.hpp">
      <Filter>Library</Filter>
    </ClInclude>
    <ClInclude Include="Graphic\Graphics.hpp">
      <Filter>Graphic</Filter>
    </ClInclude>
    <ClInclude Include="Graphic\BlendState.hpp">
      <Filter>Graphic</Filter>
    </ClInclude>
    <ClInclude Include="Define.h">
      <Filter>Graphic</Filter>
    </ClInclude>
    <ClInclude Include="Graphic\SamplerState.hpp">
      <Filter>Graphic</Filter>
    </ClInclude>
    <ClInclude Include="Graphic\DepthStencilState.hpp">
      <Filter>Graphic</Filter>
    </ClInclude>
    <ClInclude Include="Graphic\Texture\Texture.hpp">
      <Filter>Graphic\Texture</Filter>
    </ClInclude>
    <ClInclude Include="Graphic\Texture\TextureFactory.hpp">
      <Filter>Graphic\Texture</Filter>
    </ClInclude>
    <ClInclude Include="Graphic\Texture\RenderTarget.hpp">
      <Filter>Graphic\Texture</Filter>
    </ClInclude>
    <ClInclude Include="Graphic\Texture\DepthStencil.hpp">
      <Filter>Graphic\Texture</Filter>
    </ClInclude>
    <ClInclude Include="Graphic\Color.hpp">
      <Filter>Graphic</Filter>
    </ClInclude>
    <ClInclude Include="utilityFunc.h">
      <Filter>Library</Filter>
    </ClInclude>
  </ItemGroup>
  <ItemGroup>
    <ClCompile Include="Engine.cpp">
      <Filter>Engine</Filter>
    </ClCompile>
    <ClCompile Include="pch.cpp">
      <Filter>Library</Filter>
    </ClCompile>
    <ClCompile Include="Graphic\DX11.cpp">
      <Filter>Graphic</Filter>
    </ClCompile>
    <ClCompile Include="Graphic\Graphics.cpp">
      <Filter>Graphic</Filter>
    </ClCompile>
    <ClCompile Include="Graphic\BlendState.cpp">
      <Filter>Graphic</Filter>
    </ClCompile>
    <ClCompile Include="Graphic\SamplerState.cpp">
      <Filter>Graphic</Filter>
    </ClCompile>
    <ClCompile Include="Graphic\DepthStencilState.cpp">
      <Filter>Graphic</Filter>
    </ClCompile>
    <ClCompile Include="Graphic\Texture\Texture.cpp">
      <Filter>Graphic\Texture</Filter>
    </ClCompile>
    <ClCompile Include="Graphic\Texture\TextureFactory.cpp">
      <Filter>Graphic\Texture</Filter>
    </ClCompile>
    <ClCompile Include="Graphic\Texture\RenderTarget.cpp">
      <Filter>Graphic\Texture</Filter>
    </ClCompile>
    <ClCompile Include="Graphic\Texture\DepthStencil.cpp">
      <Filter>Graphic\Texture</Filter>
    </ClCompile>
    <ClCompile Include="Graphic\Color.cpp">
      <Filter>Graphic</Filter>
    </ClCompile>
  </ItemGroup>
  <ItemGroup>
    <None Include="Graphic\Texture\RenderTargetView.inl">
      <Filter>Graphic\Texture</Filter>
    </None>
    <None Include="Graphic\Texture\DepthStencil.inl">
      <Filter>Graphic\Texture</Filter>
    </None>
    <None Include="Graphic\Texture\Texture.inl">
      <Filter>Graphic\Texture</Filter>
    </None>
  </ItemGroup>
  <ItemGroup>
    <Text Include="ignore\TODO.txt">
      <Filter>ignore</Filter>
    </Text>
  </ItemGroup>
</Project>